// !$*UTF8*$!
{
	archiveVersion = 1;
	classes = {
	};
	objectVersion = 50;
	objects = {

/* Begin PBXBuildFile section */
		2C3814E15761C21A181C546F /* Pods_RxRiffles.framework in Frameworks */ = {isa = PBXBuildFile; fileRef = 25E461CA2DF71CCB87FF3D2F /* Pods_RxRiffles.framework */; };
		302B967D21134BB700D0D266 /* Riddle7.swift in Sources */ = {isa = PBXBuildFile; fileRef = 302B967B21134BB700D0D266 /* Riddle7.swift */; };
		302B967E21134BB700D0D266 /* Riddle8.swift in Sources */ = {isa = PBXBuildFile; fileRef = 302B967C21134BB700D0D266 /* Riddle8.swift */; };
		302B968121134BC800D0D266 /* Riddle8Solution.swift in Sources */ = {isa = PBXBuildFile; fileRef = 302B967F21134BC800D0D266 /* Riddle8Solution.swift */; };
		302B968221134BC800D0D266 /* Riddle7Solution.swift in Sources */ = {isa = PBXBuildFile; fileRef = 302B968021134BC800D0D266 /* Riddle7Solution.swift */; };
		302B968521134BD700D0D266 /* Riddle8Tests.swift in Sources */ = {isa = PBXBuildFile; fileRef = 302B968321134BD700D0D266 /* Riddle8Tests.swift */; };
		302B968621134BD700D0D266 /* Riddle7Tests.swift in Sources */ = {isa = PBXBuildFile; fileRef = 302B968421134BD700D0D266 /* Riddle7Tests.swift */; };
		305ABC792110449700681D01 /* Riddle5.swift in Sources */ = {isa = PBXBuildFile; fileRef = 305ABC782110449700681D01 /* Riddle5.swift */; };
		305ABC7B211044E500681D01 /* Riddle5Tests.swift in Sources */ = {isa = PBXBuildFile; fileRef = 305ABC7A211044E500681D01 /* Riddle5Tests.swift */; };
		305ABC7D211044F700681D01 /* Riddle5Solution.swift in Sources */ = {isa = PBXBuildFile; fileRef = 305ABC7C211044F700681D01 /* Riddle5Solution.swift */; };
		305ABC7F2110493D00681D01 /* Riddle6.swift in Sources */ = {isa = PBXBuildFile; fileRef = 305ABC7E2110493D00681D01 /* Riddle6.swift */; };
		305ABC8321104A4100681D01 /* Riddle6Solution.swift in Sources */ = {isa = PBXBuildFile; fileRef = 305ABC8221104A4100681D01 /* Riddle6Solution.swift */; };
		305ABC8521104BE900681D01 /* AtomicInterger.swift in Sources */ = {isa = PBXBuildFile; fileRef = 305ABC8421104BE900681D01 /* AtomicInterger.swift */; };
		305ABC8721105FB800681D01 /* Riddle6Tests.swift in Sources */ = {isa = PBXBuildFile; fileRef = 305ABC8621105FB800681D01 /* Riddle6Tests.swift */; };
		30C1F464210F3C420093B664 /* RxRiffles.framework in Frameworks */ = {isa = PBXBuildFile; fileRef = 30C1F45A210F3C410093B664 /* RxRiffles.framework */; };
		30C1F46B210F3C420093B664 /* RxRiffles.h in Headers */ = {isa = PBXBuildFile; fileRef = 30C1F45D210F3C410093B664 /* RxRiffles.h */; settings = {ATTRIBUTES = (Public, ); }; };
		30C1F479210F3D170093B664 /* Riddle1.swift in Sources */ = {isa = PBXBuildFile; fileRef = 30C1F478210F3D170093B664 /* Riddle1.swift */; };
		30EEE0A2210F42E6009FEF85 /* Riddle1Tests.swift in Sources */ = {isa = PBXBuildFile; fileRef = 30EEE0A1210F42E6009FEF85 /* Riddle1Tests.swift */; };
		30EEE0A5210F5081009FEF85 /* Riddle1Solution.swift in Sources */ = {isa = PBXBuildFile; fileRef = 30EEE0A4210F5081009FEF85 /* Riddle1Solution.swift */; };
		30EEE0A7210F54B1009FEF85 /* Riddle2.swift in Sources */ = {isa = PBXBuildFile; fileRef = 30EEE0A6210F54B1009FEF85 /* Riddle2.swift */; };
		30EEE0A9210F550A009FEF85 /* Riddle2Solution.swift in Sources */ = {isa = PBXBuildFile; fileRef = 30EEE0A8210F550A009FEF85 /* Riddle2Solution.swift */; };
		30EEE0AB210F5569009FEF85 /* Riddle2Tests.swift in Sources */ = {isa = PBXBuildFile; fileRef = 30EEE0AA210F5569009FEF85 /* Riddle2Tests.swift */; };
		A4487FD4EDB82A8D361D2F1E /* Pods_RxRifflesTests.framework in Frameworks */ = {isa = PBXBuildFile; fileRef = 1FA2B632391E624AB22C46E0 /* Pods_RxRifflesTests.framework */; };
		DA169690210F9D590095864B /* Riddle3.swift in Sources */ = {isa = PBXBuildFile; fileRef = DA16968F210F9D590095864B /* Riddle3.swift */; };
		DA169692210F9DD30095864B /* Riddle3Tests.swift in Sources */ = {isa = PBXBuildFile; fileRef = DA169691210F9DD30095864B /* Riddle3Tests.swift */; };
		DA169697210FA01E0095864B /* Riddle3Solution.swift in Sources */ = {isa = PBXBuildFile; fileRef = DA169696210FA01E0095864B /* Riddle3Solution.swift */; };
		DA169699210FA10D0095864B /* Riddle4.swift in Sources */ = {isa = PBXBuildFile; fileRef = DA169698210FA10D0095864B /* Riddle4.swift */; };
		DA16969B210FA1610095864B /* Riddle4Tests.swift in Sources */ = {isa = PBXBuildFile; fileRef = DA16969A210FA1610095864B /* Riddle4Tests.swift */; };
		DA16969D210FA1A20095864B /* Riddle4Solution.swift in Sources */ = {isa = PBXBuildFile; fileRef = DA16969C210FA1A20095864B /* Riddle4Solution.swift */; };
		DAD9FF2321138AD900242A2B /* Riddle9.swift in Sources */ = {isa = PBXBuildFile; fileRef = DAD9FF2221138AD900242A2B /* Riddle9.swift */; };
		DAD9FF2521138E9B00242A2B /* Riddle9Solution.swift in Sources */ = {isa = PBXBuildFile; fileRef = DAD9FF2421138E9B00242A2B /* Riddle9Solution.swift */; };
		DAD9FF2721138EAF00242A2B /* Riddle9Tests.swift in Sources */ = {isa = PBXBuildFile; fileRef = DAD9FF2621138EAF00242A2B /* Riddle9Tests.swift */; };
/* End PBXBuildFile section */

/* Begin PBXContainerItemProxy section */
		30C1F465210F3C420093B664 /* PBXContainerItemProxy */ = {
			isa = PBXContainerItemProxy;
			containerPortal = 30C1F451210F3C410093B664 /* Project object */;
			proxyType = 1;
			remoteGlobalIDString = 30C1F459210F3C410093B664;
			remoteInfo = RxRiffles;
		};
/* End PBXContainerItemProxy section */

/* Begin PBXFileReference section */
		01173F1A94F5B73AA47F9CA8 /* Pods-RxRiffles.release.xcconfig */ = {isa = PBXFileReference; includeInIndex = 1; lastKnownFileType = text.xcconfig; name = "Pods-RxRiffles.release.xcconfig"; path = "Pods/Target Support Files/Pods-RxRiffles/Pods-RxRiffles.release.xcconfig"; sourceTree = "<group>"; };
		1FA2B632391E624AB22C46E0 /* Pods_RxRifflesTests.framework */ = {isa = PBXFileReference; explicitFileType = wrapper.framework; includeInIndex = 0; path = Pods_RxRifflesTests.framework; sourceTree = BUILT_PRODUCTS_DIR; };
		25E461CA2DF71CCB87FF3D2F /* Pods_RxRiffles.framework */ = {isa = PBXFileReference; explicitFileType = wrapper.framework; includeInIndex = 0; path = Pods_RxRiffles.framework; sourceTree = BUILT_PRODUCTS_DIR; };
		302B967B21134BB700D0D266 /* Riddle7.swift */ = {isa = PBXFileReference; fileEncoding = 4; lastKnownFileType = sourcecode.swift; path = Riddle7.swift; sourceTree = "<group>"; };
		302B967C21134BB700D0D266 /* Riddle8.swift */ = {isa = PBXFileReference; fileEncoding = 4; lastKnownFileType = sourcecode.swift; path = Riddle8.swift; sourceTree = "<group>"; };
		302B967F21134BC800D0D266 /* Riddle8Solution.swift */ = {isa = PBXFileReference; fileEncoding = 4; lastKnownFileType = sourcecode.swift; path = Riddle8Solution.swift; sourceTree = "<group>"; };
		302B968021134BC800D0D266 /* Riddle7Solution.swift */ = {isa = PBXFileReference; fileEncoding = 4; lastKnownFileType = sourcecode.swift; path = Riddle7Solution.swift; sourceTree = "<group>"; };
		302B968321134BD700D0D266 /* Riddle8Tests.swift */ = {isa = PBXFileReference; fileEncoding = 4; lastKnownFileType = sourcecode.swift; path = Riddle8Tests.swift; sourceTree = "<group>"; };
		302B968421134BD700D0D266 /* Riddle7Tests.swift */ = {isa = PBXFileReference; fileEncoding = 4; lastKnownFileType = sourcecode.swift; path = Riddle7Tests.swift; sourceTree = "<group>"; };
		305ABC782110449700681D01 /* Riddle5.swift */ = {isa = PBXFileReference; lastKnownFileType = sourcecode.swift; path = Riddle5.swift; sourceTree = "<group>"; };
		305ABC7A211044E500681D01 /* Riddle5Tests.swift */ = {isa = PBXFileReference; lastKnownFileType = sourcecode.swift; path = Riddle5Tests.swift; sourceTree = "<group>"; };
		305ABC7C211044F700681D01 /* Riddle5Solution.swift */ = {isa = PBXFileReference; lastKnownFileType = sourcecode.swift; path = Riddle5Solution.swift; sourceTree = "<group>"; };
		305ABC7E2110493D00681D01 /* Riddle6.swift */ = {isa = PBXFileReference; lastKnownFileType = sourcecode.swift; path = Riddle6.swift; sourceTree = "<group>"; };
		305ABC8221104A4100681D01 /* Riddle6Solution.swift */ = {isa = PBXFileReference; lastKnownFileType = sourcecode.swift; path = Riddle6Solution.swift; sourceTree = "<group>"; };
		305ABC8421104BE900681D01 /* AtomicInterger.swift */ = {isa = PBXFileReference; lastKnownFileType = sourcecode.swift; path = AtomicInterger.swift; sourceTree = "<group>"; };
		305ABC8621105FB800681D01 /* Riddle6Tests.swift */ = {isa = PBXFileReference; lastKnownFileType = sourcecode.swift; path = Riddle6Tests.swift; sourceTree = "<group>"; };
		30C1F45A210F3C410093B664 /* RxRiffles.framework */ = {isa = PBXFileReference; explicitFileType = wrapper.framework; includeInIndex = 0; path = RxRiffles.framework; sourceTree = BUILT_PRODUCTS_DIR; };
		30C1F45D210F3C410093B664 /* RxRiffles.h */ = {isa = PBXFileReference; lastKnownFileType = sourcecode.c.h; path = RxRiffles.h; sourceTree = "<group>"; };
		30C1F45E210F3C410093B664 /* Info.plist */ = {isa = PBXFileReference; lastKnownFileType = text.plist.xml; path = Info.plist; sourceTree = "<group>"; };
		30C1F463210F3C420093B664 /* RxRifflesTests.xctest */ = {isa = PBXFileReference; explicitFileType = wrapper.cfbundle; includeInIndex = 0; path = RxRifflesTests.xctest; sourceTree = BUILT_PRODUCTS_DIR; };
		30C1F46A210F3C420093B664 /* Info.plist */ = {isa = PBXFileReference; lastKnownFileType = text.plist.xml; path = Info.plist; sourceTree = "<group>"; };
		30C1F478210F3D170093B664 /* Riddle1.swift */ = {isa = PBXFileReference; lastKnownFileType = sourcecode.swift; path = Riddle1.swift; sourceTree = "<group>"; };
		30EEE0A1210F42E6009FEF85 /* Riddle1Tests.swift */ = {isa = PBXFileReference; lastKnownFileType = sourcecode.swift; path = Riddle1Tests.swift; sourceTree = "<group>"; };
		30EEE0A4210F5081009FEF85 /* Riddle1Solution.swift */ = {isa = PBXFileReference; lastKnownFileType = sourcecode.swift; path = Riddle1Solution.swift; sourceTree = "<group>"; };
		30EEE0A6210F54B1009FEF85 /* Riddle2.swift */ = {isa = PBXFileReference; lastKnownFileType = sourcecode.swift; path = Riddle2.swift; sourceTree = "<group>"; };
		30EEE0A8210F550A009FEF85 /* Riddle2Solution.swift */ = {isa = PBXFileReference; lastKnownFileType = sourcecode.swift; path = Riddle2Solution.swift; sourceTree = "<group>"; };
		30EEE0AA210F5569009FEF85 /* Riddle2Tests.swift */ = {isa = PBXFileReference; lastKnownFileType = sourcecode.swift; path = Riddle2Tests.swift; sourceTree = "<group>"; };
		30EEE0AC210F5A72009FEF85 /* README.md */ = {isa = PBXFileReference; lastKnownFileType = net.daringfireball.markdown; path = README.md; sourceTree = "<group>"; };
		3951A1DE3C287A9968AF07B2 /* Pods-RxRiffles.debug.xcconfig */ = {isa = PBXFileReference; includeInIndex = 1; lastKnownFileType = text.xcconfig; name = "Pods-RxRiffles.debug.xcconfig"; path = "Pods/Target Support Files/Pods-RxRiffles/Pods-RxRiffles.debug.xcconfig"; sourceTree = "<group>"; };
		6234943E8566FA4EB1EFB6B3 /* Pods-RxRifflesTests.debug.xcconfig */ = {isa = PBXFileReference; includeInIndex = 1; lastKnownFileType = text.xcconfig; name = "Pods-RxRifflesTests.debug.xcconfig"; path = "Pods/Target Support Files/Pods-RxRifflesTests/Pods-RxRifflesTests.debug.xcconfig"; sourceTree = "<group>"; };
		D79FECE2D7D56EA3FF4F9D84 /* Pods-RxRifflesTests.release.xcconfig */ = {isa = PBXFileReference; includeInIndex = 1; lastKnownFileType = text.xcconfig; name = "Pods-RxRifflesTests.release.xcconfig"; path = "Pods/Target Support Files/Pods-RxRifflesTests/Pods-RxRifflesTests.release.xcconfig"; sourceTree = "<group>"; };
		DA16968F210F9D590095864B /* Riddle3.swift */ = {isa = PBXFileReference; lastKnownFileType = sourcecode.swift; path = Riddle3.swift; sourceTree = "<group>"; };
		DA169691210F9DD30095864B /* Riddle3Tests.swift */ = {isa = PBXFileReference; lastKnownFileType = sourcecode.swift; path = Riddle3Tests.swift; sourceTree = "<group>"; };
		DA169696210FA01E0095864B /* Riddle3Solution.swift */ = {isa = PBXFileReference; lastKnownFileType = sourcecode.swift; path = Riddle3Solution.swift; sourceTree = "<group>"; };
		DA169698210FA10D0095864B /* Riddle4.swift */ = {isa = PBXFileReference; lastKnownFileType = sourcecode.swift; path = Riddle4.swift; sourceTree = "<group>"; };
		DA16969A210FA1610095864B /* Riddle4Tests.swift */ = {isa = PBXFileReference; lastKnownFileType = sourcecode.swift; path = Riddle4Tests.swift; sourceTree = "<group>"; };
		DA16969C210FA1A20095864B /* Riddle4Solution.swift */ = {isa = PBXFileReference; lastKnownFileType = sourcecode.swift; path = Riddle4Solution.swift; sourceTree = "<group>"; };
		DAD9FF2221138AD900242A2B /* Riddle9.swift */ = {isa = PBXFileReference; lastKnownFileType = sourcecode.swift; path = Riddle9.swift; sourceTree = "<group>"; };
		DAD9FF2421138E9B00242A2B /* Riddle9Solution.swift */ = {isa = PBXFileReference; lastKnownFileType = sourcecode.swift; path = Riddle9Solution.swift; sourceTree = "<group>"; };
		DAD9FF2621138EAF00242A2B /* Riddle9Tests.swift */ = {isa = PBXFileReference; lastKnownFileType = sourcecode.swift; path = Riddle9Tests.swift; sourceTree = "<group>"; };
/* End PBXFileReference section */

/* Begin PBXFrameworksBuildPhase section */
		30C1F456210F3C410093B664 /* Frameworks */ = {
			isa = PBXFrameworksBuildPhase;
			buildActionMask = 2147483647;
			files = (
				2C3814E15761C21A181C546F /* Pods_RxRiffles.framework in Frameworks */,
			);
			runOnlyForDeploymentPostprocessing = 0;
		};
		30C1F460210F3C420093B664 /* Frameworks */ = {
			isa = PBXFrameworksBuildPhase;
			buildActionMask = 2147483647;
			files = (
				30C1F464210F3C420093B664 /* RxRiffles.framework in Frameworks */,
				A4487FD4EDB82A8D361D2F1E /* Pods_RxRifflesTests.framework in Frameworks */,
			);
			runOnlyForDeploymentPostprocessing = 0;
		};
/* End PBXFrameworksBuildPhase section */

/* Begin PBXGroup section */
		1943221B178FDB7842D8907C /* Frameworks */ = {
			isa = PBXGroup;
			children = (
				25E461CA2DF71CCB87FF3D2F /* Pods_RxRiffles.framework */,
				1FA2B632391E624AB22C46E0 /* Pods_RxRifflesTests.framework */,
			);
			name = Frameworks;
			sourceTree = "<group>";
		};
		30C1F450210F3C410093B664 = {
			isa = PBXGroup;
			children = (
				30EEE0AC210F5A72009FEF85 /* README.md */,
				30C1F45C210F3C410093B664 /* RxRiffles */,
				30C1F467210F3C420093B664 /* RxRifflesTests */,
				30C1F45B210F3C410093B664 /* Products */,
				4DAC69CDE1DA0A3C6E442055 /* Pods */,
				1943221B178FDB7842D8907C /* Frameworks */,
			);
			sourceTree = "<group>";
		};
		30C1F45B210F3C410093B664 /* Products */ = {
			isa = PBXGroup;
			children = (
				30C1F45A210F3C410093B664 /* RxRiffles.framework */,
				30C1F463210F3C420093B664 /* RxRifflesTests.xctest */,
			);
			name = Products;
			sourceTree = "<group>";
		};
		30C1F45C210F3C410093B664 /* RxRiffles */ = {
			isa = PBXGroup;
			children = (
				30C1F474210F3C4C0093B664 /* Riddle */,
				30C1F475210F3C810093B664 /* Resources */,
			);
			path = RxRiffles;
			sourceTree = "<group>";
		};
		30C1F467210F3C420093B664 /* RxRifflesTests */ = {
			isa = PBXGroup;
			children = (
				30EEE0A3210F5074009FEF85 /* Solutions */,
				30C1F477210F3CD30093B664 /* RiddleTests */,
				DA169693210F9E280095864B /* Tools */,
				30C1F476210F3CC60093B664 /* Resources */,
			);
			path = RxRifflesTests;
			sourceTree = "<group>";
		};
		30C1F474210F3C4C0093B664 /* Riddle */ = {
			isa = PBXGroup;
			children = (
				30C1F478210F3D170093B664 /* Riddle1.swift */,
				30EEE0A6210F54B1009FEF85 /* Riddle2.swift */,
				DA16968F210F9D590095864B /* Riddle3.swift */,
				DA169698210FA10D0095864B /* Riddle4.swift */,
				305ABC782110449700681D01 /* Riddle5.swift */,
				305ABC7E2110493D00681D01 /* Riddle6.swift */,
				302B967B21134BB700D0D266 /* Riddle7.swift */,
				302B967C21134BB700D0D266 /* Riddle8.swift */,
				DAD9FF2221138AD900242A2B /* Riddle9.swift */,
			);
			path = Riddle;
			sourceTree = "<group>";
		};
		30C1F475210F3C810093B664 /* Resources */ = {
			isa = PBXGroup;
			children = (
				30C1F45D210F3C410093B664 /* RxRiffles.h */,
				30C1F45E210F3C410093B664 /* Info.plist */,
			);
			path = Resources;
			sourceTree = "<group>";
		};
		30C1F476210F3CC60093B664 /* Resources */ = {
			isa = PBXGroup;
			children = (
				30C1F46A210F3C420093B664 /* Info.plist */,
			);
			path = Resources;
			sourceTree = "<group>";
		};
		30C1F477210F3CD30093B664 /* RiddleTests */ = {
			isa = PBXGroup;
			children = (
				30EEE0A1210F42E6009FEF85 /* Riddle1Tests.swift */,
				30EEE0AA210F5569009FEF85 /* Riddle2Tests.swift */,
				DA169691210F9DD30095864B /* Riddle3Tests.swift */,
				DA16969A210FA1610095864B /* Riddle4Tests.swift */,
				305ABC7A211044E500681D01 /* Riddle5Tests.swift */,
				305ABC8621105FB800681D01 /* Riddle6Tests.swift */,
				302B968421134BD700D0D266 /* Riddle7Tests.swift */,
				302B968321134BD700D0D266 /* Riddle8Tests.swift */,
				DAD9FF2621138EAF00242A2B /* Riddle9Tests.swift */,
			);
			path = RiddleTests;
			sourceTree = "<group>";
		};
		30EEE0A3210F5074009FEF85 /* Solutions */ = {
			isa = PBXGroup;
			children = (
				30EEE0A4210F5081009FEF85 /* Riddle1Solution.swift */,
				30EEE0A8210F550A009FEF85 /* Riddle2Solution.swift */,
				DA169696210FA01E0095864B /* Riddle3Solution.swift */,
				DA16969C210FA1A20095864B /* Riddle4Solution.swift */,
				305ABC7C211044F700681D01 /* Riddle5Solution.swift */,
				305ABC8221104A4100681D01 /* Riddle6Solution.swift */,
				302B968021134BC800D0D266 /* Riddle7Solution.swift */,
				302B967F21134BC800D0D266 /* Riddle8Solution.swift */,
				DAD9FF2421138E9B00242A2B /* Riddle9Solution.swift */,
			);
			path = Solutions;
			sourceTree = "<group>";
		};
		4DAC69CDE1DA0A3C6E442055 /* Pods */ = {
			isa = PBXGroup;
			children = (
				3951A1DE3C287A9968AF07B2 /* Pods-RxRiffles.debug.xcconfig */,
				01173F1A94F5B73AA47F9CA8 /* Pods-RxRiffles.release.xcconfig */,
				6234943E8566FA4EB1EFB6B3 /* Pods-RxRifflesTests.debug.xcconfig */,
				D79FECE2D7D56EA3FF4F9D84 /* Pods-RxRifflesTests.release.xcconfig */,
			);
			name = Pods;
			sourceTree = "<group>";
		};
		DA169693210F9E280095864B /* Tools */ = {
			isa = PBXGroup;
			children = (
				305ABC8421104BE900681D01 /* AtomicInterger.swift */,
			);
			path = Tools;
			sourceTree = "<group>";
		};
/* End PBXGroup section */

/* Begin PBXHeadersBuildPhase section */
		30C1F457210F3C410093B664 /* Headers */ = {
			isa = PBXHeadersBuildPhase;
			buildActionMask = 2147483647;
			files = (
				30C1F46B210F3C420093B664 /* RxRiffles.h in Headers */,
			);
			runOnlyForDeploymentPostprocessing = 0;
		};
/* End PBXHeadersBuildPhase section */

/* Begin PBXNativeTarget section */
		30C1F459210F3C410093B664 /* RxRiffles */ = {
			isa = PBXNativeTarget;
			buildConfigurationList = 30C1F46E210F3C420093B664 /* Build configuration list for PBXNativeTarget "RxRiffles" */;
			buildPhases = (
				F8E843954C40B9BBD9B4E2FB /* [CP] Check Pods Manifest.lock */,
				30C1F455210F3C410093B664 /* Sources */,
				30C1F456210F3C410093B664 /* Frameworks */,
				30C1F457210F3C410093B664 /* Headers */,
				30C1F458210F3C410093B664 /* Resources */,
			);
			buildRules = (
			);
			dependencies = (
			);
			name = RxRiffles;
			productName = RxRiffles;
			productReference = 30C1F45A210F3C410093B664 /* RxRiffles.framework */;
			productType = "com.apple.product-type.framework";
		};
		30C1F462210F3C420093B664 /* RxRifflesTests */ = {
			isa = PBXNativeTarget;
			buildConfigurationList = 30C1F471210F3C420093B664 /* Build configuration list for PBXNativeTarget "RxRifflesTests" */;
			buildPhases = (
				980B040E289B4856ED8C619B /* [CP] Check Pods Manifest.lock */,
				30C1F45F210F3C420093B664 /* Sources */,
				30C1F460210F3C420093B664 /* Frameworks */,
				30C1F461210F3C420093B664 /* Resources */,
				69E2BB954705C4B1C06163D6 /* [CP] Embed Pods Frameworks */,
			);
			buildRules = (
			);
			dependencies = (
				30C1F466210F3C420093B664 /* PBXTargetDependency */,
			);
			name = RxRifflesTests;
			productName = RxRifflesTests;
			productReference = 30C1F463210F3C420093B664 /* RxRifflesTests.xctest */;
			productType = "com.apple.product-type.bundle.unit-test";
		};
/* End PBXNativeTarget section */

/* Begin PBXProject section */
		30C1F451210F3C410093B664 /* Project object */ = {
			isa = PBXProject;
			attributes = {
				LastSwiftUpdateCheck = 0940;
				LastUpgradeCheck = 0940;
				TargetAttributes = {
					30C1F459210F3C410093B664 = {
						CreatedOnToolsVersion = 9.4.1;
						LastSwiftMigration = 0940;
					};
					30C1F462210F3C420093B664 = {
						CreatedOnToolsVersion = 9.4.1;
					};
				};
			};
			buildConfigurationList = 30C1F454210F3C410093B664 /* Build configuration list for PBXProject "RxRiffles" */;
			compatibilityVersion = "Xcode 9.3";
			developmentRegion = en;
			hasScannedForEncodings = 0;
			knownRegions = (
				en,
			);
			mainGroup = 30C1F450210F3C410093B664;
			productRefGroup = 30C1F45B210F3C410093B664 /* Products */;
			projectDirPath = "";
			projectRoot = "";
			targets = (
				30C1F459210F3C410093B664 /* RxRiffles */,
				30C1F462210F3C420093B664 /* RxRifflesTests */,
			);
		};
/* End PBXProject section */

/* Begin PBXResourcesBuildPhase section */
		30C1F458210F3C410093B664 /* Resources */ = {
			isa = PBXResourcesBuildPhase;
			buildActionMask = 2147483647;
			files = (
			);
			runOnlyForDeploymentPostprocessing = 0;
		};
		30C1F461210F3C420093B664 /* Resources */ = {
			isa = PBXResourcesBuildPhase;
			buildActionMask = 2147483647;
			files = (
			);
			runOnlyForDeploymentPostprocessing = 0;
		};
/* End PBXResourcesBuildPhase section */

/* Begin PBXShellScriptBuildPhase section */
		69E2BB954705C4B1C06163D6 /* [CP] Embed Pods Frameworks */ = {
			isa = PBXShellScriptBuildPhase;
			buildActionMask = 2147483647;
			files = (
			);
			inputPaths = (
				"${SRCROOT}/Pods/Target Support Files/Pods-RxRifflesTests/Pods-RxRifflesTests-frameworks.sh",
				"${BUILT_PRODUCTS_DIR}/RxSwift/RxSwift.framework",
				"${BUILT_PRODUCTS_DIR}/RxBlocking/RxBlocking.framework",
				"${BUILT_PRODUCTS_DIR}/RxTest/RxTest.framework",
				"${BUILT_PRODUCTS_DIR}/RxCocoa/RxCocoa.framework",
				"${BUILT_PRODUCTS_DIR}/RxSwiftExt/RxSwiftExt.framework",
			);
			name = "[CP] Embed Pods Frameworks";
			outputPaths = (
				"${TARGET_BUILD_DIR}/${FRAMEWORKS_FOLDER_PATH}/RxSwift.framework",
				"${TARGET_BUILD_DIR}/${FRAMEWORKS_FOLDER_PATH}/RxBlocking.framework",
				"${TARGET_BUILD_DIR}/${FRAMEWORKS_FOLDER_PATH}/RxTest.framework",
				"${TARGET_BUILD_DIR}/${FRAMEWORKS_FOLDER_PATH}/RxCocoa.framework",
				"${TARGET_BUILD_DIR}/${FRAMEWORKS_FOLDER_PATH}/RxSwiftExt.framework",
			);
			runOnlyForDeploymentPostprocessing = 0;
			shellPath = /bin/sh;
			shellScript = "\"${SRCROOT}/Pods/Target Support Files/Pods-RxRifflesTests/Pods-RxRifflesTests-frameworks.sh\"\n";
			showEnvVarsInLog = 0;
		};
		980B040E289B4856ED8C619B /* [CP] Check Pods Manifest.lock */ = {
			isa = PBXShellScriptBuildPhase;
			buildActionMask = 2147483647;
			files = (
			);
			inputPaths = (
				"${PODS_PODFILE_DIR_PATH}/Podfile.lock",
				"${PODS_ROOT}/Manifest.lock",
			);
			name = "[CP] Check Pods Manifest.lock";
			outputPaths = (
				"$(DERIVED_FILE_DIR)/Pods-RxRifflesTests-checkManifestLockResult.txt",
			);
			runOnlyForDeploymentPostprocessing = 0;
			shellPath = /bin/sh;
			shellScript = "diff \"${PODS_PODFILE_DIR_PATH}/Podfile.lock\" \"${PODS_ROOT}/Manifest.lock\" > /dev/null\nif [ $? != 0 ] ; then\n    # print error to STDERR\n    echo \"error: The sandbox is not in sync with the Podfile.lock. Run 'pod install' or update your CocoaPods installation.\" >&2\n    exit 1\nfi\n# This output is used by Xcode 'outputs' to avoid re-running this script phase.\necho \"SUCCESS\" > \"${SCRIPT_OUTPUT_FILE_0}\"\n";
			showEnvVarsInLog = 0;
		};
		F8E843954C40B9BBD9B4E2FB /* [CP] Check Pods Manifest.lock */ = {
			isa = PBXShellScriptBuildPhase;
			buildActionMask = 2147483647;
			files = (
			);
			inputPaths = (
				"${PODS_PODFILE_DIR_PATH}/Podfile.lock",
				"${PODS_ROOT}/Manifest.lock",
			);
			name = "[CP] Check Pods Manifest.lock";
			outputPaths = (
				"$(DERIVED_FILE_DIR)/Pods-RxRiffles-checkManifestLockResult.txt",
			);
			runOnlyForDeploymentPostprocessing = 0;
			shellPath = /bin/sh;
			shellScript = "diff \"${PODS_PODFILE_DIR_PATH}/Podfile.lock\" \"${PODS_ROOT}/Manifest.lock\" > /dev/null\nif [ $? != 0 ] ; then\n    # print error to STDERR\n    echo \"error: The sandbox is not in sync with the Podfile.lock. Run 'pod install' or update your CocoaPods installation.\" >&2\n    exit 1\nfi\n# This output is used by Xcode 'outputs' to avoid re-running this script phase.\necho \"SUCCESS\" > \"${SCRIPT_OUTPUT_FILE_0}\"\n";
			showEnvVarsInLog = 0;
		};
/* End PBXShellScriptBuildPhase section */

/* Begin PBXSourcesBuildPhase section */
		30C1F455210F3C410093B664 /* Sources */ = {
			isa = PBXSourcesBuildPhase;
			buildActionMask = 2147483647;
			files = (
				305ABC792110449700681D01 /* Riddle5.swift in Sources */,
				DA169699210FA10D0095864B /* Riddle4.swift in Sources */,
				DAD9FF2321138AD900242A2B /* Riddle9.swift in Sources */,
				302B967D21134BB700D0D266 /* Riddle7.swift in Sources */,
				305ABC7F2110493D00681D01 /* Riddle6.swift in Sources */,
				302B967E21134BB700D0D266 /* Riddle8.swift in Sources */,
				30EEE0A7210F54B1009FEF85 /* Riddle2.swift in Sources */,
				30C1F479210F3D170093B664 /* Riddle1.swift in Sources */,
				DA169690210F9D590095864B /* Riddle3.swift in Sources */,
			);
			runOnlyForDeploymentPostprocessing = 0;
		};
		30C1F45F210F3C420093B664 /* Sources */ = {
			isa = PBXSourcesBuildPhase;
			buildActionMask = 2147483647;
			files = (
				DA16969B210FA1610095864B /* Riddle4Tests.swift in Sources */,
				305ABC8321104A4100681D01 /* Riddle6Solution.swift in Sources */,
				305ABC7B211044E500681D01 /* Riddle5Tests.swift in Sources */,
				30EEE0AB210F5569009FEF85 /* Riddle2Tests.swift in Sources */,
				DAD9FF2521138E9B00242A2B /* Riddle9Solution.swift in Sources */,
				DAD9FF2721138EAF00242A2B /* Riddle9Tests.swift in Sources */,
				30EEE0A2210F42E6009FEF85 /* Riddle1Tests.swift in Sources */,
				302B968621134BD700D0D266 /* Riddle7Tests.swift in Sources */,
				DA169692210F9DD30095864B /* Riddle3Tests.swift in Sources */,
				30EEE0A5210F5081009FEF85 /* Riddle1Solution.swift in Sources */,
				305ABC7D211044F700681D01 /* Riddle5Solution.swift in Sources */,
				302B968221134BC800D0D266 /* Riddle7Solution.swift in Sources */,
				30EEE0A9210F550A009FEF85 /* Riddle2Solution.swift in Sources */,
				302B968521134BD700D0D266 /* Riddle8Tests.swift in Sources */,
				305ABC8521104BE900681D01 /* AtomicInterger.swift in Sources */,
				305ABC8721105FB800681D01 /* Riddle6Tests.swift in Sources */,
				DA16969D210FA1A20095864B /* Riddle4Solution.swift in Sources */,
				DA169697210FA01E0095864B /* Riddle3Solution.swift in Sources */,
				302B968121134BC800D0D266 /* Riddle8Solution.swift in Sources */,
			);
			runOnlyForDeploymentPostprocessing = 0;
		};
/* End PBXSourcesBuildPhase section */

/* Begin PBXTargetDependency section */
		30C1F466210F3C420093B664 /* PBXTargetDependency */ = {
			isa = PBXTargetDependency;
			target = 30C1F459210F3C410093B664 /* RxRiffles */;
			targetProxy = 30C1F465210F3C420093B664 /* PBXContainerItemProxy */;
		};
/* End PBXTargetDependency section */

/* Begin XCBuildConfiguration section */
		30C1F46C210F3C420093B664 /* Debug */ = {
			isa = XCBuildConfiguration;
			buildSettings = {
				ALWAYS_SEARCH_USER_PATHS = NO;
				CLANG_ANALYZER_NONNULL = YES;
				CLANG_ANALYZER_NUMBER_OBJECT_CONVERSION = YES_AGGRESSIVE;
				CLANG_CXX_LANGUAGE_STANDARD = "gnu++14";
				CLANG_CXX_LIBRARY = "libc++";
				CLANG_ENABLE_MODULES = YES;
				CLANG_ENABLE_OBJC_ARC = YES;
				CLANG_ENABLE_OBJC_WEAK = YES;
				CLANG_WARN_BLOCK_CAPTURE_AUTORELEASING = YES;
				CLANG_WARN_BOOL_CONVERSION = YES;
				CLANG_WARN_COMMA = YES;
				CLANG_WARN_CONSTANT_CONVERSION = YES;
				CLANG_WARN_DEPRECATED_OBJC_IMPLEMENTATIONS = YES;
				CLANG_WARN_DIRECT_OBJC_ISA_USAGE = YES_ERROR;
				CLANG_WARN_DOCUMENTATION_COMMENTS = YES;
				CLANG_WARN_EMPTY_BODY = YES;
				CLANG_WARN_ENUM_CONVERSION = YES;
				CLANG_WARN_INFINITE_RECURSION = YES;
				CLANG_WARN_INT_CONVERSION = YES;
				CLANG_WARN_NON_LITERAL_NULL_CONVERSION = YES;
				CLANG_WARN_OBJC_IMPLICIT_RETAIN_SELF = YES;
				CLANG_WARN_OBJC_LITERAL_CONVERSION = YES;
				CLANG_WARN_OBJC_ROOT_CLASS = YES_ERROR;
				CLANG_WARN_RANGE_LOOP_ANALYSIS = YES;
				CLANG_WARN_STRICT_PROTOTYPES = YES;
				CLANG_WARN_SUSPICIOUS_MOVE = YES;
				CLANG_WARN_UNGUARDED_AVAILABILITY = YES_AGGRESSIVE;
				CLANG_WARN_UNREACHABLE_CODE = YES;
				CLANG_WARN__DUPLICATE_METHOD_MATCH = YES;
				CODE_SIGN_IDENTITY = "iPhone Developer";
				COPY_PHASE_STRIP = NO;
				CURRENT_PROJECT_VERSION = 1;
				DEBUG_INFORMATION_FORMAT = dwarf;
				ENABLE_STRICT_OBJC_MSGSEND = YES;
				ENABLE_TESTABILITY = YES;
				GCC_C_LANGUAGE_STANDARD = gnu11;
				GCC_DYNAMIC_NO_PIC = NO;
				GCC_NO_COMMON_BLOCKS = YES;
				GCC_OPTIMIZATION_LEVEL = 0;
				GCC_PREPROCESSOR_DEFINITIONS = (
					"DEBUG=1",
					"$(inherited)",
				);
				GCC_WARN_64_TO_32_BIT_CONVERSION = YES;
				GCC_WARN_ABOUT_RETURN_TYPE = YES_ERROR;
				GCC_WARN_UNDECLARED_SELECTOR = YES;
				GCC_WARN_UNINITIALIZED_AUTOS = YES_AGGRESSIVE;
				GCC_WARN_UNUSED_FUNCTION = YES;
				GCC_WARN_UNUSED_VARIABLE = YES;
				IPHONEOS_DEPLOYMENT_TARGET = 11.4;
				MTL_ENABLE_DEBUG_INFO = YES;
				ONLY_ACTIVE_ARCH = YES;
				SDKROOT = iphoneos;
				SWIFT_ACTIVE_COMPILATION_CONDITIONS = DEBUG;
				SWIFT_OPTIMIZATION_LEVEL = "-Onone";
				VERSIONING_SYSTEM = "apple-generic";
				VERSION_INFO_PREFIX = "";
			};
			name = Debug;
		};
		30C1F46D210F3C420093B664 /* Release */ = {
			isa = XCBuildConfiguration;
			buildSettings = {
				ALWAYS_SEARCH_USER_PATHS = NO;
				CLANG_ANALYZER_NONNULL = YES;
				CLANG_ANALYZER_NUMBER_OBJECT_CONVERSION = YES_AGGRESSIVE;
				CLANG_CXX_LANGUAGE_STANDARD = "gnu++14";
				CLANG_CXX_LIBRARY = "libc++";
				CLANG_ENABLE_MODULES = YES;
				CLANG_ENABLE_OBJC_ARC = YES;
				CLANG_ENABLE_OBJC_WEAK = YES;
				CLANG_WARN_BLOCK_CAPTURE_AUTORELEASING = YES;
				CLANG_WARN_BOOL_CONVERSION = YES;
				CLANG_WARN_COMMA = YES;
				CLANG_WARN_CONSTANT_CONVERSION = YES;
				CLANG_WARN_DEPRECATED_OBJC_IMPLEMENTATIONS = YES;
				CLANG_WARN_DIRECT_OBJC_ISA_USAGE = YES_ERROR;
				CLANG_WARN_DOCUMENTATION_COMMENTS = YES;
				CLANG_WARN_EMPTY_BODY = YES;
				CLANG_WARN_ENUM_CONVERSION = YES;
				CLANG_WARN_INFINITE_RECURSION = YES;
				CLANG_WARN_INT_CONVERSION = YES;
				CLANG_WARN_NON_LITERAL_NULL_CONVERSION = YES;
				CLANG_WARN_OBJC_IMPLICIT_RETAIN_SELF = YES;
				CLANG_WARN_OBJC_LITERAL_CONVERSION = YES;
				CLANG_WARN_OBJC_ROOT_CLASS = YES_ERROR;
				CLANG_WARN_RANGE_LOOP_ANALYSIS = YES;
				CLANG_WARN_STRICT_PROTOTYPES = YES;
				CLANG_WARN_SUSPICIOUS_MOVE = YES;
				CLANG_WARN_UNGUARDED_AVAILABILITY = YES_AGGRESSIVE;
				CLANG_WARN_UNREACHABLE_CODE = YES;
				CLANG_WARN__DUPLICATE_METHOD_MATCH = YES;
				CODE_SIGN_IDENTITY = "iPhone Developer";
				COPY_PHASE_STRIP = NO;
				CURRENT_PROJECT_VERSION = 1;
				DEBUG_INFORMATION_FORMAT = "dwarf-with-dsym";
				ENABLE_NS_ASSERTIONS = NO;
				ENABLE_STRICT_OBJC_MSGSEND = YES;
				GCC_C_LANGUAGE_STANDARD = gnu11;
				GCC_NO_COMMON_BLOCKS = YES;
				GCC_WARN_64_TO_32_BIT_CONVERSION = YES;
				GCC_WARN_ABOUT_RETURN_TYPE = YES_ERROR;
				GCC_WARN_UNDECLARED_SELECTOR = YES;
				GCC_WARN_UNINITIALIZED_AUTOS = YES_AGGRESSIVE;
				GCC_WARN_UNUSED_FUNCTION = YES;
				GCC_WARN_UNUSED_VARIABLE = YES;
				IPHONEOS_DEPLOYMENT_TARGET = 11.4;
				MTL_ENABLE_DEBUG_INFO = NO;
				SDKROOT = iphoneos;
				SWIFT_COMPILATION_MODE = wholemodule;
				SWIFT_OPTIMIZATION_LEVEL = "-O";
				VALIDATE_PRODUCT = YES;
				VERSIONING_SYSTEM = "apple-generic";
				VERSION_INFO_PREFIX = "";
			};
			name = Release;
		};
		30C1F46F210F3C420093B664 /* Debug */ = {
			isa = XCBuildConfiguration;
			baseConfigurationReference = 3951A1DE3C287A9968AF07B2 /* Pods-RxRiffles.debug.xcconfig */;
			buildSettings = {
				CLANG_ENABLE_MODULES = YES;
				CODE_SIGN_IDENTITY = "";
				CODE_SIGN_STYLE = Automatic;
				DEFINES_MODULE = YES;
				DYLIB_COMPATIBILITY_VERSION = 1;
				DYLIB_CURRENT_VERSION = 1;
				DYLIB_INSTALL_NAME_BASE = "@rpath";
				INFOPLIST_FILE = RxRiffles/Resources/Info.plist;
				INSTALL_PATH = "$(LOCAL_LIBRARY_DIR)/Frameworks";
				LD_RUNPATH_SEARCH_PATHS = (
					"$(inherited)",
					"@executable_path/Frameworks",
					"@loader_path/Frameworks",
				);
				PRODUCT_BUNDLE_IDENTIFIER = org.swift.RxRiffles;
				PRODUCT_NAME = "$(TARGET_NAME:c99extidentifier)";
				SKIP_INSTALL = YES;
				SWIFT_OPTIMIZATION_LEVEL = "-Onone";
				SWIFT_VERSION = 4.0;
				TARGETED_DEVICE_FAMILY = "1,2";
			};
			name = Debug;
		};
		30C1F470210F3C420093B664 /* Release */ = {
			isa = XCBuildConfiguration;
			baseConfigurationReference = 01173F1A94F5B73AA47F9CA8 /* Pods-RxRiffles.release.xcconfig */;
			buildSettings = {
				CLANG_ENABLE_MODULES = YES;
				CODE_SIGN_IDENTITY = "";
				CODE_SIGN_STYLE = Automatic;
				DEFINES_MODULE = YES;
				DYLIB_COMPATIBILITY_VERSION = 1;
				DYLIB_CURRENT_VERSION = 1;
				DYLIB_INSTALL_NAME_BASE = "@rpath";
				INFOPLIST_FILE = RxRiffles/Resources/Info.plist;
				INSTALL_PATH = "$(LOCAL_LIBRARY_DIR)/Frameworks";
				LD_RUNPATH_SEARCH_PATHS = (
					"$(inherited)",
					"@executable_path/Frameworks",
					"@loader_path/Frameworks",
				);
				PRODUCT_BUNDLE_IDENTIFIER = org.swift.RxRiffles;
				PRODUCT_NAME = "$(TARGET_NAME:c99extidentifier)";
				SKIP_INSTALL = YES;
				SWIFT_VERSION = 4.0;
				TARGETED_DEVICE_FAMILY = "1,2";
			};
			name = Release;
		};
		30C1F472210F3C420093B664 /* Debug */ = {
			isa = XCBuildConfiguration;
			baseConfigurationReference = 6234943E8566FA4EB1EFB6B3 /* Pods-RxRifflesTests.debug.xcconfig */;
			buildSettings = {
				ALWAYS_EMBED_SWIFT_STANDARD_LIBRARIES = YES;
				CODE_SIGN_STYLE = Automatic;
				INFOPLIST_FILE = RxRifflesTests/Resources/Info.plist;
				LD_RUNPATH_SEARCH_PATHS = (
					"$(inherited)",
					"@executable_path/Frameworks",
					"@loader_path/Frameworks",
				);
				PRODUCT_BUNDLE_IDENTIFIER = org.swift.RxRifflesTests;
				PRODUCT_NAME = "$(TARGET_NAME)";
				SWIFT_VERSION = 4.0;
				TARGETED_DEVICE_FAMILY = "1,2";
			};
			name = Debug;
		};
		30C1F473210F3C420093B664 /* Release */ = {
			isa = XCBuildConfiguration;
			baseConfigurationReference = D79FECE2D7D56EA3FF4F9D84 /* Pods-RxRifflesTests.release.xcconfig */;
			buildSettings = {
				ALWAYS_EMBED_SWIFT_STANDARD_LIBRARIES = YES;
				CODE_SIGN_STYLE = Automatic;
				INFOPLIST_FILE = RxRifflesTests/Resources/Info.plist;
				LD_RUNPATH_SEARCH_PATHS = (
					"$(inherited)",
					"@executable_path/Frameworks",
					"@loader_path/Frameworks",
				);
				PRODUCT_BUNDLE_IDENTIFIER = org.swift.RxRifflesTests;
				PRODUCT_NAME = "$(TARGET_NAME)";
				SWIFT_VERSION = 4.0;
				TARGETED_DEVICE_FAMILY = "1,2";
			};
			name = Release;
		};
/* End XCBuildConfiguration section */

/* Begin XCConfigurationList section */
		30C1F454210F3C410093B664 /* Build configuration list for PBXProject "RxRiffles" */ = {
			isa = XCConfigurationList;
			buildConfigurations = (
				30C1F46C210F3C420093B664 /* Debug */,
				30C1F46D210F3C420093B664 /* Release */,
			);
			defaultConfigurationIsVisible = 0;
			defaultConfigurationName = Release;
		};
		30C1F46E210F3C420093B664 /* Build configuration list for PBXNativeTarget "RxRiffles" */ = {
			isa = XCConfigurationList;
			buildConfigurations = (
				30C1F46F210F3C420093B664 /* Debug */,
				30C1F470210F3C420093B664 /* Release */,
			);
			defaultConfigurationIsVisible = 0;
			defaultConfigurationName = Release;
		};
		30C1F471210F3C420093B664 /* Build configuration list for PBXNativeTarget "RxRifflesTests" */ = {
			isa = XCConfigurationList;
			buildConfigurations = (
				30C1F472210F3C420093B664 /* Debug */,
				30C1F473210F3C420093B664 /* Release */,
			);
			defaultConfigurationIsVisible = 0;
			defaultConfigurationName = Release;
		};
/* End XCConfigurationList section */
	};
	rootObject = 30C1F451210F3C410093B664 /* Project object */;
}
